
Microsoft Visual Studio Solution File, Format Version 12.00
# Visual Studio Version 17
VisualStudioVersion = 17.13.35818.85
MinimumVisualStudioVersion = 10.0.40219.1
Project("{FAE04EC0-301F-11D3-BF4B-00C04F79EFBC}") = "WpfBasicApp01", "WpfBasicApp01\WpfBasicApp01.csproj", "{23155770-D7FC-4D91-8142-1AC1B31CA196}"
EndProject
Project("{FAE04EC0-301F-11D3-BF4B-00C04F79EFBC}") = "WpfBasicApp02", "WpfBasicApp02\WpfBasicApp02.csproj", "{27E62727-3F16-43C3-8376-72ABC78483DF}"
EndProject
Global
	GlobalSection(SolutionConfigurationPlatforms) = preSolution
		Debug|Any CPU = Debug|Any CPU
		Release|Any CPU = Release|Any CPU
	EndGlobalSection
	GlobalSection(ProjectConfigurationPlatforms) = postSolution
		{23155770-D7FC-4D91-8142-1AC1B31CA196}.Debug|Any CPU.ActiveCfg = Debug|Any CPU
		{23155770-D7FC-4D91-8142-1AC1B31CA196}.Debug|Any CPU.Build.0 = Debug|Any CPU
		{23155770-D7FC-4D91-8142-1AC1B31CA196}.Release|Any CPU.ActiveCfg = Release|Any CPU
		{23155770-D7FC-4D91-8142-1AC1B31CA196}.Release|Any CPU.Build.0 = Release|Any CPU
		{27E62727-3F16-43C3-8376-72ABC78483DF}.Debug|Any CPU.ActiveCfg = Debug|Any CPU
		{27E62727-3F16-43C3-8376-72ABC78483DF}.Debug|Any CPU.Build.0 = Debug|Any CPU
		{27E62727-3F16-43C3-8376-72ABC78483DF}.Release|Any CPU.ActiveCfg = Release|Any CPU
		{27E62727-3F16-43C3-8376-72ABC78483DF}.Release|Any CPU.Build.0 = Release|Any CPU
	EndGlobalSection
	GlobalSection(SolutionProperties) = preSolution
		HideSolutionNode = FALSE
	EndGlobalSection
	GlobalSection(ExtensibilityGlobals) = postSolution
		SolutionGuid = {6F2A3AB0-D080-4897-9133-36B493024265}
	EndGlobalSection
EndGlobal
